
Microsoft Visual Studio Solution File, Format Version 12.00
# Visual Studio Version 16
Project("{FAE04EC0-301F-11D3-BF4B-00C04F79EFBC}") = "GameServer", "GameServer\GameServer.csproj", "{D294E2F8-5D88-494F-9ABC-E9D468C7159D}"
EndProject
Project("{FAE04EC0-301F-11D3-BF4B-00C04F79EFBC}") = "Shared.Core", "Shared.Core\Shared.Core.csproj", "{4CF007B4-DC80-4BAE-A541-21EB70B94A31}"
EndProject
Project("{FAE04EC0-301F-11D3-BF4B-00C04F79EFBC}") = "Shared.DIContainer", "Shared.DIContainer\Shared.DIContainer.csproj", "{FFD2635F-E3DE-4CF1-99A9-990D9993DF04}"
EndProject
Project("{FAE04EC0-301F-11D3-BF4B-00C04F79EFBC}") = "GameServer.Transport", "GameServer.Transport\GameServer.Transport.csproj", "{C2CD3A27-DEB0-4F12-83AC-BC433C0D7457}"
EndProject
Project("{FAE04EC0-301F-11D3-BF4B-00C04F79EFBC}") = "Shared.Content", "Shared.Content\Shared.Content.csproj", "{ECABE018-FF65-407A-A058-FC118DE1D378}"
EndProject
Project("{FAE04EC0-301F-11D3-BF4B-00C04F79EFBC}") = "Shared.Math", "Shared.Math\Shared.Math.csproj", "{11537B35-0056-4E8E-A5A6-FCF568268D46}"
EndProject
Project("{FAE04EC0-301F-11D3-BF4B-00C04F79EFBC}") = "Shared.Models", "Shared.Models\Shared.Models.csproj", "{BEBB6417-AFCD-4128-B928-160D0C840E2F}"
EndProject
Project("{FAE04EC0-301F-11D3-BF4B-00C04F79EFBC}") = "Shared.Serialization", "Shared.Serialization\Shared.Serialization.csproj", "{3D65392E-B289-4BFC-9AF0-8693ECC9893A}"
EndProject
Project("{FAE04EC0-301F-11D3-BF4B-00C04F79EFBC}") = "Shared.Utils", "Shared.Utils\Shared.Utils.csproj", "{7C52B678-AD17-4D7F-BFC5-18C2E062AB2C}"
EndProject
Project("{FAE04EC0-301F-11D3-BF4B-00C04F79EFBC}") = "Shared.Core.World", "Shared.Core.World\Shared.Core.World.csproj", "{EA770B42-6C9B-4DF7-9C90-496E66BC43ED}"
EndProject
Project("{FAE04EC0-301F-11D3-BF4B-00C04F79EFBC}") = "GameServer.Startup", "GameServer.Startup\GameServer.Startup.csproj", "{1B4F5AFC-9B5A-4D86-A482-49D2E945042A}"
EndProject
Project("{FAE04EC0-301F-11D3-BF4B-00C04F79EFBC}") = "Shared.Infrastructure", "Shared.Infrastructure\Shared.Infrastructure.csproj", "{3741D070-9C63-478F-9F60-62B158C9D5CB}"
EndProject
Project("{2150E333-8FDC-42A3-9474-1A3956D46DE8}") = "GameServer", "GameServer", "{EDEEFBDC-5AE0-4EE8-BF0F-1B1040B5C06B}"
EndProject
Project("{2150E333-8FDC-42A3-9474-1A3956D46DE8}") = "Shared", "Shared", "{E9884F27-F6ED-4A81-A971-4757C3B2CABC}"
EndProject
Project("{FAE04EC0-301F-11D3-BF4B-00C04F79EFBC}") = "Shared.Test", "Shared.Test\Shared.Test.csproj", "{7A366FF4-A68E-42B5-BDB2-DBC93579EADE}"
EndProject
Global
	GlobalSection(SolutionConfigurationPlatforms) = preSolution
		Debug|Any CPU = Debug|Any CPU
		Release|Any CPU = Release|Any CPU
	EndGlobalSection
	GlobalSection(ProjectConfigurationPlatforms) = postSolution
		{D294E2F8-5D88-494F-9ABC-E9D468C7159D}.Debug|Any CPU.ActiveCfg = Debug|Any CPU
		{D294E2F8-5D88-494F-9ABC-E9D468C7159D}.Debug|Any CPU.Build.0 = Debug|Any CPU
		{D294E2F8-5D88-494F-9ABC-E9D468C7159D}.Release|Any CPU.ActiveCfg = Release|Any CPU
		{D294E2F8-5D88-494F-9ABC-E9D468C7159D}.Release|Any CPU.Build.0 = Release|Any CPU
		{4CF007B4-DC80-4BAE-A541-21EB70B94A31}.Debug|Any CPU.ActiveCfg = Debug|Any CPU
		{4CF007B4-DC80-4BAE-A541-21EB70B94A31}.Debug|Any CPU.Build.0 = Debug|Any CPU
		{4CF007B4-DC80-4BAE-A541-21EB70B94A31}.Release|Any CPU.ActiveCfg = Release|Any CPU
		{4CF007B4-DC80-4BAE-A541-21EB70B94A31}.Release|Any CPU.Build.0 = Release|Any CPU
		{FFD2635F-E3DE-4CF1-99A9-990D9993DF04}.Debug|Any CPU.ActiveCfg = Debug|Any CPU
		{FFD2635F-E3DE-4CF1-99A9-990D9993DF04}.Debug|Any CPU.Build.0 = Debug|Any CPU
		{FFD2635F-E3DE-4CF1-99A9-990D9993DF04}.Release|Any CPU.ActiveCfg = Release|Any CPU
		{FFD2635F-E3DE-4CF1-99A9-990D9993DF04}.Release|Any CPU.Build.0 = Release|Any CPU
		{C2CD3A27-DEB0-4F12-83AC-BC433C0D7457}.Debug|Any CPU.ActiveCfg = Debug|Any CPU
		{C2CD3A27-DEB0-4F12-83AC-BC433C0D7457}.Debug|Any CPU.Build.0 = Debug|Any CPU
		{C2CD3A27-DEB0-4F12-83AC-BC433C0D7457}.Release|Any CPU.ActiveCfg = Release|Any CPU
		{C2CD3A27-DEB0-4F12-83AC-BC433C0D7457}.Release|Any CPU.Build.0 = Release|Any CPU
		{ECABE018-FF65-407A-A058-FC118DE1D378}.Debug|Any CPU.ActiveCfg = Debug|Any CPU
		{ECABE018-FF65-407A-A058-FC118DE1D378}.Debug|Any CPU.Build.0 = Debug|Any CPU
		{ECABE018-FF65-407A-A058-FC118DE1D378}.Release|Any CPU.ActiveCfg = Release|Any CPU
		{ECABE018-FF65-407A-A058-FC118DE1D378}.Release|Any CPU.Build.0 = Release|Any CPU
		{11537B35-0056-4E8E-A5A6-FCF568268D46}.Debug|Any CPU.ActiveCfg = Debug|Any CPU
		{11537B35-0056-4E8E-A5A6-FCF568268D46}.Debug|Any CPU.Build.0 = Debug|Any CPU
		{11537B35-0056-4E8E-A5A6-FCF568268D46}.Release|Any CPU.ActiveCfg = Release|Any CPU
		{11537B35-0056-4E8E-A5A6-FCF568268D46}.Release|Any CPU.Build.0 = Release|Any CPU
		{BEBB6417-AFCD-4128-B928-160D0C840E2F}.Debug|Any CPU.ActiveCfg = Debug|Any CPU
		{BEBB6417-AFCD-4128-B928-160D0C840E2F}.Debug|Any CPU.Build.0 = Debug|Any CPU
		{BEBB6417-AFCD-4128-B928-160D0C840E2F}.Release|Any CPU.ActiveCfg = Release|Any CPU
		{BEBB6417-AFCD-4128-B928-160D0C840E2F}.Release|Any CPU.Build.0 = Release|Any CPU
		{3D65392E-B289-4BFC-9AF0-8693ECC9893A}.Debug|Any CPU.ActiveCfg = Debug|Any CPU
		{3D65392E-B289-4BFC-9AF0-8693ECC9893A}.Debug|Any CPU.Build.0 = Debug|Any CPU
		{3D65392E-B289-4BFC-9AF0-8693ECC9893A}.Release|Any CPU.ActiveCfg = Release|Any CPU
		{3D65392E-B289-4BFC-9AF0-8693ECC9893A}.Release|Any CPU.Build.0 = Release|Any CPU
		{7C52B678-AD17-4D7F-BFC5-18C2E062AB2C}.Debug|Any CPU.ActiveCfg = Debug|Any CPU
		{7C52B678-AD17-4D7F-BFC5-18C2E062AB2C}.Debug|Any CPU.Build.0 = Debug|Any CPU
		{7C52B678-AD17-4D7F-BFC5-18C2E062AB2C}.Release|Any CPU.ActiveCfg = Release|Any CPU
		{7C52B678-AD17-4D7F-BFC5-18C2E062AB2C}.Release|Any CPU.Build.0 = Release|Any CPU
		{EA770B42-6C9B-4DF7-9C90-496E66BC43ED}.Debug|Any CPU.ActiveCfg = Debug|Any CPU
		{EA770B42-6C9B-4DF7-9C90-496E66BC43ED}.Debug|Any CPU.Build.0 = Debug|Any CPU
		{EA770B42-6C9B-4DF7-9C90-496E66BC43ED}.Release|Any CPU.ActiveCfg = Release|Any CPU
		{EA770B42-6C9B-4DF7-9C90-496E66BC43ED}.Release|Any CPU.Build.0 = Release|Any CPU
		{1B4F5AFC-9B5A-4D86-A482-49D2E945042A}.Debug|Any CPU.ActiveCfg = Debug|Any CPU
		{1B4F5AFC-9B5A-4D86-A482-49D2E945042A}.Debug|Any CPU.Build.0 = Debug|Any CPU
		{1B4F5AFC-9B5A-4D86-A482-49D2E945042A}.Release|Any CPU.ActiveCfg = Release|Any CPU
		{1B4F5AFC-9B5A-4D86-A482-49D2E945042A}.Release|Any CPU.Build.0 = Release|Any CPU
		{3741D070-9C63-478F-9F60-62B158C9D5CB}.Debug|Any CPU.ActiveCfg = Debug|Any CPU
		{3741D070-9C63-478F-9F60-62B158C9D5CB}.Debug|Any CPU.Build.0 = Debug|Any CPU
		{3741D070-9C63-478F-9F60-62B158C9D5CB}.Release|Any CPU.ActiveCfg = Release|Any CPU
		{3741D070-9C63-478F-9F60-62B158C9D5CB}.Release|Any CPU.Build.0 = Release|Any CPU
		{7A366FF4-A68E-42B5-BDB2-DBC93579EADE}.Debug|Any CPU.ActiveCfg = Debug|Any CPU
		{7A366FF4-A68E-42B5-BDB2-DBC93579EADE}.Debug|Any CPU.Build.0 = Debug|Any CPU
		{7A366FF4-A68E-42B5-BDB2-DBC93579EADE}.Release|Any CPU.ActiveCfg = Release|Any CPU
		{7A366FF4-A68E-42B5-BDB2-DBC93579EADE}.Release|Any CPU.Build.0 = Release|Any CPU
	EndGlobalSection
	GlobalSection(NestedProjects) = preSolution
		{D294E2F8-5D88-494F-9ABC-E9D468C7159D} = {EDEEFBDC-5AE0-4EE8-BF0F-1B1040B5C06B}
		{1B4F5AFC-9B5A-4D86-A482-49D2E945042A} = {EDEEFBDC-5AE0-4EE8-BF0F-1B1040B5C06B}
		{C2CD3A27-DEB0-4F12-83AC-BC433C0D7457} = {EDEEFBDC-5AE0-4EE8-BF0F-1B1040B5C06B}
		{4CF007B4-DC80-4BAE-A541-21EB70B94A31} = {E9884F27-F6ED-4A81-A971-4757C3B2CABC}
		{ECABE018-FF65-407A-A058-FC118DE1D378} = {E9884F27-F6ED-4A81-A971-4757C3B2CABC}
		{EA770B42-6C9B-4DF7-9C90-496E66BC43ED} = {E9884F27-F6ED-4A81-A971-4757C3B2CABC}
		{FFD2635F-E3DE-4CF1-99A9-990D9993DF04} = {E9884F27-F6ED-4A81-A971-4757C3B2CABC}
		{3741D070-9C63-478F-9F60-62B158C9D5CB} = {E9884F27-F6ED-4A81-A971-4757C3B2CABC}
		{11537B35-0056-4E8E-A5A6-FCF568268D46} = {E9884F27-F6ED-4A81-A971-4757C3B2CABC}
		{BEBB6417-AFCD-4128-B928-160D0C840E2F} = {E9884F27-F6ED-4A81-A971-4757C3B2CABC}
		{3D65392E-B289-4BFC-9AF0-8693ECC9893A} = {E9884F27-F6ED-4A81-A971-4757C3B2CABC}
		{7C52B678-AD17-4D7F-BFC5-18C2E062AB2C} = {E9884F27-F6ED-4A81-A971-4757C3B2CABC}
		{7A366FF4-A68E-42B5-BDB2-DBC93579EADE} = {E9884F27-F6ED-4A81-A971-4757C3B2CABC}
	EndGlobalSection
EndGlobal
